{
    "_readme": [
        "This file locks the dependencies of your project to a known state",
        "Read more about it at https://getcomposer.org/doc/01-basic-usage.md#composer-lock-the-lock-file",
        "This file is @generated automatically"
    ],
    "hash": "82c63a6634259f1736fbf0f1fb7c1b2b",
    "content-hash": "86c635c5826386288a27321134812af5",
    "packages": [
        {
            "name": "a5hleyrich/wp-background-processing",
            "version": "dev-master",
            "source": {
                "type": "git",
                "url": "https://github.com/A5hleyRich/wp-background-processing",
                "reference": "281a08a5fd9bea8fca1fbe3b015eba732c03da01"
            },
            "require": {
                "php": ">=5.2"
            },
            "type": "library",
            "autoload": {
                "classmap": [
                    "classes/"
                ]
            },
            "license": [
                "GPLv2+"
            ],
            "authors": [
                {
                    "name": "Ashley Rich",
                    "email": "hello@ashleyrich.com"
                }
            ],
            "description": "WP Background Processing can be used to fire off non-blocking asynchronous requests or as a background processing tool, allowing you to queue tasks.",
            "time": "2016-08-20 20:37:17"
        },
        {
            "name": "pippinsplugins/wp-logging",
            "version": "dev-master",
            "source": {
                "type": "git",
                "url": "https://github.com/pippinsplugins/wp-logging.git",
                "reference": "766d745886093fae88788107e190aff41b1db61b"
            },
            "require": {
                "php": ">=5.2.0"
            },
            "type": "library",
            "license": [
                "GPL-2.0+"
            ],
            "authors": [
                {
                    "name": "Pippin Williamson"
                }
            ],
            "description": "A WordPress class that provides a general logging system.",
            "homepage": "https://github.com/pippinsplugins/WP-Logging",
            "keywords": [
                "log",
                "logger",
                "logging",
                "wordpress"
            ],
            "time": "2016-04-08 18:01:49"
        }
    ],
    "packages-dev": [],
    "aliases": [],
    "minimum-stability": "dev",
    "stability-flags": {
        "pippinsplugins/wp-logging": 20,
        "a5hleyrich/wp-background-processing": 20
    },
    "prefer-stable": false,
    "prefer-lowest": false,
    "platform": [],
    "platform-dev": []
}
