{
    "_readme": [
        "This file locks the dependencies of your project to a known state",
        "Read more about it at https://getcomposer.org/doc/01-basic-usage.md#composer-lock-the-lock-file",
        "This file is @generated automatically"
    ],
    "hash": "75e6cf4961133da476ad871661d56343",
    "content-hash": "5c9e7babe2c18320d3466bc6f4694ac1",
    "packages": [
        {
            "name": "a5hleyrich/wp-background-processing",
            "version": "dev-master",
            "source": {
                "type": "git",
                "url": "https://github.com/MinnPost/wp-background-processing.git",
                "reference": "6118adb87093c7b5ebd5eeb63a1813c257c9b718"
            },
            "dist": {
                "type": "zip",
                "url": "https://api.github.com/repos/MinnPost/wp-background-processing/zipball/6118adb87093c7b5ebd5eeb63a1813c257c9b718",
                "reference": "6118adb87093c7b5ebd5eeb63a1813c257c9b718",
                "shasum": ""
            },
            "require": {
                "php": ">=5.2"
            },
            "type": "library",
            "autoload": {
                "classmap": [
                    "classes/"
                ]
            },
            "license": [
                "GPLv2+"
            ],
            "authors": [
                {
                    "name": "Ashley Rich",
                    "email": "hello@ashleyrich.com"
                }
            ],
            "description": "WP Background Processing can be used to fire off non-blocking asynchronous requests or as a background processing tool, allowing you to queue tasks.",
            "support": {
                "source": "https://github.com/MinnPost/wp-background-processing/tree/master"
            },
            "time": "2016-09-08 19:19:34"
        },
        {
            "name": "pippinsplugins/wp-logging",
            "version": "dev-master",
            "source": {
                "type": "git",
                "url": "https://github.com/pippinsplugins/wp-logging.git",
                "reference": "766d745886093fae88788107e190aff41b1db61b"
            },
            "require": {
                "php": ">=5.2.0"
            },
            "type": "library",
            "license": [
                "GPL-2.0+"
            ],
            "authors": [
                {
                    "name": "Pippin Williamson"
                }
            ],
            "description": "A WordPress class that provides a general logging system.",
            "homepage": "https://github.com/pippinsplugins/WP-Logging",
            "keywords": [
                "log",
                "logger",
                "logging",
                "wordpress"
            ],
            "time": "2016-04-08 18:01:49"
        }
    ],
    "packages-dev": [],
    "aliases": [],
    "minimum-stability": "dev",
    "stability-flags": {
        "pippinsplugins/wp-logging": 20,
        "a5hleyrich/wp-background-processing": 20
    },
    "prefer-stable": false,
    "prefer-lowest": false,
    "platform": [],
    "platform-dev": []
}
